// !$*UTF8*$!
{
	archiveVersion = 1;
	classes = {
	};
	objectVersion = 46;
	objects = {

/* Begin PBXBuildFile section */
		44B28AF71B6595730003BCD9 /* AppDelegate.swift in Sources */ = {isa = PBXBuildFile; fileRef = 44B28AF61B6595730003BCD9 /* AppDelegate.swift */; };
		44B28AF91B6595730003BCD9 /* RootViewController.swift in Sources */ = {isa = PBXBuildFile; fileRef = 44B28AF81B6595730003BCD9 /* RootViewController.swift */; };
		44B28AFB1B6595730003BCD9 /* DataViewController.swift in Sources */ = {isa = PBXBuildFile; fileRef = 44B28AFA1B6595730003BCD9 /* DataViewController.swift */; };
		44B28AFD1B6595730003BCD9 /* ModelController.swift in Sources */ = {isa = PBXBuildFile; fileRef = 44B28AFC1B6595730003BCD9 /* ModelController.swift */; };
		44B28B001B6595730003BCD9 /* Main.storyboard in Resources */ = {isa = PBXBuildFile; fileRef = 44B28AFE1B6595730003BCD9 /* Main.storyboard */; };
		44B28B021B6595730003BCD9 /* Images.xcassets in Resources */ = {isa = PBXBuildFile; fileRef = 44B28B011B6595730003BCD9 /* Images.xcassets */; };
		44B28B051B6595730003BCD9 /* LaunchScreen.xib in Resources */ = {isa = PBXBuildFile; fileRef = 44B28B031B6595730003BCD9 /* LaunchScreen.xib */; };
		44B28B111B6595730003BCD9 /* pageTestTests.swift in Sources */ = {isa = PBXBuildFile; fileRef = 44B28B101B6595730003BCD9 /* pageTestTests.swift */; };
/* End PBXBuildFile section */

/* Begin PBXContainerItemProxy section */
		44B28B0B1B6595730003BCD9 /* PBXContainerItemProxy */ = {
			isa = PBXContainerItemProxy;
			containerPortal = 44B28AE91B6595730003BCD9 /* Project object */;
			proxyType = 1;
			remoteGlobalIDString = 44B28AF01B6595730003BCD9;
			remoteInfo = pageTest;
		};
/* End PBXContainerItemProxy section */

/* Begin PBXFileReference section */
		44B28AF11B6595730003BCD9 /* pageTest.app */ = {isa = PBXFileReference; explicitFileType = wrapper.application; includeInIndex = 0; path = pageTest.app; sourceTree = BUILT_PRODUCTS_DIR; };
		44B28AF51B6595730003BCD9 /* Info.plist */ = {isa = PBXFileReference; lastKnownFileType = text.plist.xml; path = Info.plist; sourceTree = "<group>"; };
		44B28AF61B6595730003BCD9 /* AppDelegate.swift */ = {isa = PBXFileReference; lastKnownFileType = sourcecode.swift; path = AppDelegate.swift; sourceTree = "<group>"; };
		44B28AF81B6595730003BCD9 /* RootViewController.swift */ = {isa = PBXFileReference; lastKnownFileType = sourcecode.swift; path = RootViewController.swift; sourceTree = "<group>"; };
		44B28AFA1B6595730003BCD9 /* DataViewController.swift */ = {isa = PBXFileReference; lastKnownFileType = sourcecode.swift; path = DataViewController.swift; sourceTree = "<group>"; };
		44B28AFC1B6595730003BCD9 /* ModelController.swift */ = {isa = PBXFileReference; lastKnownFileType = sourcecode.swift; path = ModelController.swift; sourceTree = "<group>"; };
		44B28AFF1B6595730003BCD9 /* Base */ = {isa = PBXFileReference; lastKnownFileType = file.storyboard; name = Base; path = Base.lproj/Main.storyboard; sourceTree = "<group>"; };
		44B28B011B6595730003BCD9 /* Images.xcassets */ = {isa = PBXFileReference; lastKnownFileType = folder.assetcatalog; path = Images.xcassets; sourceTree = "<group>"; };
		44B28B041B6595730003BCD9 /* Base */ = {isa = PBXFileReference; lastKnownFileType = file.xib; name = Base; path = Base.lproj/LaunchScreen.xib; sourceTree = "<group>"; };
		44B28B0A1B6595730003BCD9 /* pageTestTests.xctest */ = {isa = PBXFileReference; explicitFileType = wrapper.cfbundle; includeInIndex = 0; path = pageTestTests.xctest; sourceTree = BUILT_PRODUCTS_DIR; };
		44B28B0F1B6595730003BCD9 /* Info.plist */ = {isa = PBXFileReference; lastKnownFileType = text.plist.xml; path = Info.plist; sourceTree = "<group>"; };
		44B28B101B6595730003BCD9 /* pageTestTests.swift */ = {isa = PBXFileReference; lastKnownFileType = sourcecode.swift; path = pageTestTests.swift; sourceTree = "<group>"; };
/* End PBXFileReference section */

/* Begin PBXFrameworksBuildPhase section */
		44B28AEE1B6595730003BCD9 /* Frameworks */ = {
			isa = PBXFrameworksBuildPhase;
			buildActionMask = 2147483647;
			files = (
			);
			runOnlyForDeploymentPostprocessing = 0;
		};
		44B28B071B6595730003BCD9 /* Frameworks */ = {
			isa = PBXFrameworksBuildPhase;
			buildActionMask = 2147483647;
			files = (
			);
			runOnlyForDeploymentPostprocessing = 0;
		};
/* End PBXFrameworksBuildPhase section */

/* Begin PBXGroup section */
		44B28AE81B6595730003BCD9 = {
			isa = PBXGroup;
			children = (
				44B28AF31B6595730003BCD9 /* pageTest */,
				44B28B0D1B6595730003BCD9 /* pageTestTests */,
				44B28AF21B6595730003BCD9 /* Products */,
			);
			sourceTree = "<group>";
		};
		44B28AF21B6595730003BCD9 /* Products */ = {
			isa = PBXGroup;
			children = (
				44B28AF11B6595730003BCD9 /* pageTest.app */,
				44B28B0A1B6595730003BCD9 /* pageTestTests.xctest */,
			);
			name = Products;
			sourceTree = "<group>";
		};
		44B28AF31B6595730003BCD9 /* pageTest */ = {
			isa = PBXGroup;
			children = (
				44B28AF61B6595730003BCD9 /* AppDelegate.swift */,
				44B28AF81B6595730003BCD9 /* RootViewController.swift */,
				44B28AFA1B6595730003BCD9 /* DataViewController.swift */,
				44B28AFC1B6595730003BCD9 /* ModelController.swift */,
				44B28AFE1B6595730003BCD9 /* Main.storyboard */,
				44B28B011B6595730003BCD9 /* Images.xcassets */,
				44B28B031B6595730003BCD9 /* LaunchScreen.xib */,
				44B28AF41B6595730003BCD9 /* Supporting Files */,
			);
			path = pageTest;
			sourceTree = "<group>";
		};
		44B28AF41B6595730003BCD9 /* Supporting Files */ = {
			isa = PBXGroup;
			children = (
				44B28AF51B6595730003BCD9 /* Info.plist */,
			);
			name = "Supporting Files";
			sourceTree = "<group>";
		};
		44B28B0D1B6595730003BCD9 /* pageTestTests */ = {
			isa = PBXGroup;
			children = (
				44B28B101B6595730003BCD9 /* pageTestTests.swift */,
				44B28B0E1B6595730003BCD9 /* Supporting Files */,
			);
			path = pageTestTests;
			sourceTree = "<group>";
		};
		44B28B0E1B6595730003BCD9 /* Supporting Files */ = {
			isa = PBXGroup;
			children = (
				44B28B0F1B6595730003BCD9 /* Info.plist */,
			);
			name = "Supporting Files";
			sourceTree = "<group>";
		};
/* End PBXGroup section */

/* Begin PBXNativeTarget section */
		44B28AF01B6595730003BCD9 /* pageTest */ = {
			isa = PBXNativeTarget;
			buildConfigurationList = 44B28B141B6595730003BCD9 /* Build configuration list for PBXNativeTarget "pageTest" */;
			buildPhases = (
				44B28AED1B6595730003BCD9 /* Sources */,
				44B28AEE1B6595730003BCD9 /* Frameworks */,
				44B28AEF1B6595730003BCD9 /* Resources */,
			);
			buildRules = (
			);
			dependencies = (
			);
			name = pageTest;
			productName = pageTest;
			productReference = 44B28AF11B6595730003BCD9 /* pageTest.app */;
			productType = "com.apple.product-type.application";
		};
		44B28B091B6595730003BCD9 /* pageTestTests */ = {
			isa = PBXNativeTarget;
			buildConfigurationList = 44B28B171B6595730003BCD9 /* Build configuration list for PBXNativeTarget "pageTestTests" */;
			buildPhases = (
				44B28B061B6595730003BCD9 /* Sources */,
				44B28B071B6595730003BCD9 /* Frameworks */,
				44B28B081B6595730003BCD9 /* Resources */,
			);
			buildRules = (
			);
			dependencies = (
				44B28B0C1B6595730003BCD9 /* PBXTargetDependency */,
			);
			name = pageTestTests;
			productName = pageTestTests;
			productReference = 44B28B0A1B6595730003BCD9 /* pageTestTests.xctest */;
			productType = "com.apple.product-type.bundle.unit-test";
		};
/* End PBXNativeTarget section */

/* Begin PBXProject section */
		44B28AE91B6595730003BCD9 /* Project object */ = {
			isa = PBXProject;
			attributes = {
				LastUpgradeCheck = 0640;
				ORGANIZATIONNAME = "Louis Jacobowitz";
				TargetAttributes = {
					44B28AF01B6595730003BCD9 = {
						CreatedOnToolsVersion = 6.4;
					};
					44B28B091B6595730003BCD9 = {
						CreatedOnToolsVersion = 6.4;
						TestTargetID = 44B28AF01B6595730003BCD9;
					};
				};
			};
			buildConfigurationList = 44B28AEC1B6595730003BCD9 /* Build configuration list for PBXProject "pageTest" */;
			compatibilityVersion = "Xcode 3.2";
			developmentRegion = English;
			hasScannedForEncodings = 0;
			knownRegions = (
				en,
				Base,
			);
			mainGroup = 44B28AE81B6595730003BCD9;
			productRefGroup = 44B28AF21B6595730003BCD9 /* Products */;
			projectDirPath = "";
			projectRoot = "";
			targets = (
				44B28AF01B6595730003BCD9 /* pageTest */,
				44B28B091B6595730003BCD9 /* pageTestTests */,
			);
		};
/* End PBXProject section */

/* Begin PBXResourcesBuildPhase section */
		44B28AEF1B6595730003BCD9 /* Resources */ = {
			isa = PBXResourcesBuildPhase;
			buildActionMask = 2147483647;
			files = (
				44B28B001B6595730003BCD9 /* Main.storyboard in Resources */,
				44B28B051B6595730003BCD9 /* LaunchScreen.xib in Resources */,
				44B28B021B6595730003BCD9 /* Images.xcassets in Resources */,
			);
			runOnlyForDeploymentPostprocessing = 0;
		};
		44B28B081B6595730003BCD9 /* Resources */ = {
			isa = PBXResourcesBuildPhase;
			buildActionMask = 2147483647;
			files = (
			);
			runOnlyForDeploymentPostprocessing = 0;
		};
/* End PBXResourcesBuildPhase section */

/* Begin PBXSourcesBuildPhase section */
		44B28AED1B6595730003BCD9 /* Sources */ = {
			isa = PBXSourcesBuildPhase;
			buildActionMask = 2147483647;
			files = (
				44B28AF91B6595730003BCD9 /* RootViewController.swift in Sources */,
				44B28AFD1B6595730003BCD9 /* ModelController.swift in Sources */,
				44B28AFB1B6595730003BCD9 /* DataViewController.swift in Sources */,
				44B28AF71B6595730003BCD9 /* AppDelegate.swift in Sources */,
			);
			runOnlyForDeploymentPostprocessing = 0;
		};
		44B28B061B6595730003BCD9 /* Sources */ = {
			isa = PBXSourcesBuildPhase;
			buildActionMask = 2147483647;
			files = (
				44B28B111B6595730003BCD9 /* pageTestTests.swift in Sources */,
			);
			runOnlyForDeploymentPostprocessing = 0;
		};
/* End PBXSourcesBuildPhase section */

/* Begin PBXTargetDependency section */
		44B28B0C1B6595730003BCD9 /* PBXTargetDependency */ = {
			isa = PBXTargetDependency;
			target = 44B28AF01B6595730003BCD9 /* pageTest */;
			targetProxy = 44B28B0B1B6595730003BCD9 /* PBXContainerItemProxy */;
		};
/* End PBXTargetDependency section */

/* Begin PBXVariantGroup section */
		44B28AFE1B6595730003BCD9 /* Main.storyboard */ = {
			isa = PBXVariantGroup;
			children = (
				44B28AFF1B6595730003BCD9 /* Base */,
			);
			name = Main.storyboard;
			sourceTree = "<group>";
		};
		44B28B031B6595730003BCD9 /* LaunchScreen.xib */ = {
			isa = PBXVariantGroup;
			children = (
				44B28B041B6595730003BCD9 /* Base */,
			);
			name = LaunchScreen.xib;
			sourceTree = "<group>";
		};
/* End PBXVariantGroup section */

/* Begin XCBuildConfiguration section */
		44B28B121B6595730003BCD9 /* Debug */ = {
			isa = XCBuildConfiguration;
			buildSettings = {
				ALWAYS_SEARCH_USER_PATHS = NO;
				CLANG_CXX_LANGUAGE_STANDARD = "gnu++0x";
				CLANG_CXX_LIBRARY = "libc++";
				CLANG_ENABLE_MODULES = YES;
				CLANG_ENABLE_OBJC_ARC = YES;
				CLANG_WARN_BOOL_CONVERSION = YES;
				CLANG_WARN_CONSTANT_CONVERSION = YES;
				CLANG_WARN_DIRECT_OBJC_ISA_USAGE = YES_ERROR;
				CLANG_WARN_EMPTY_BODY = YES;
				CLANG_WARN_ENUM_CONVERSION = YES;
				CLANG_WARN_INT_CONVERSION = YES;
				CLANG_WARN_OBJC_ROOT_CLASS = YES_ERROR;
				CLANG_WARN_UNREACHABLE_CODE = YES;
				CLANG_WARN__DUPLICATE_METHOD_MATCH = YES;
				"CODE_SIGN_IDENTITY[sdk=iphoneos*]" = "iPhone Developer";
				COPY_PHASE_STRIP = NO;
				DEBUG_INFORMATION_FORMAT = "dwarf-with-dsym";
				ENABLE_STRICT_OBJC_MSGSEND = YES;
				GCC_C_LANGUAGE_STANDARD = gnu99;
				GCC_DYNAMIC_NO_PIC = NO;
				GCC_NO_COMMON_BLOCKS = YES;
				GCC_OPTIMIZATION_LEVEL = 0;
				GCC_PREPROCESSOR_DEFINITIONS = (
					"DEBUG=1",
					"$(inherited)",
				);
				GCC_SYMBOLS_PRIVATE_EXTERN = NO;
				GCC_WARN_64_TO_32_BIT_CONVERSION = YES;
				GCC_WARN_ABOUT_RETURN_TYPE = YES_ERROR;
				GCC_WARN_UNDECLARED_SELECTOR = YES;
				GCC_WARN_UNINITIALIZED_AUTOS = YES_AGGRESSIVE;
				GCC_WARN_UNUSED_FUNCTION = YES;
				GCC_WARN_UNUSED_VARIABLE = YES;
				IPHONEOS_DEPLOYMENT_TARGET = 8.4;
				MTL_ENABLE_DEBUG_INFO = YES;
				ONLY_ACTIVE_ARCH = YES;
				SDKROOT = iphoneos;
				SWIFT_OPTIMIZATION_LEVEL = "-Onone";
			};
			name = Debug;
		};
		44B28B131B6595730003BCD9 /* Release */ = {
			isa = XCBuildConfiguration;
			buildSettings = {
				ALWAYS_SEARCH_USER_PATHS = NO;
				CLANG_CXX_LANGUAGE_STANDARD = "gnu++0x";
				CLANG_CXX_LIBRARY = "libc++";
				CLANG_ENABLE_MODULES = YES;
				CLANG_ENABLE_OBJC_ARC = YES;
				CLANG_WARN_BOOL_CONVERSION = YES;
				CLANG_WARN_CONSTANT_CONVERSION = YES;
				CLANG_WARN_DIRECT_OBJC_ISA_USAGE = YES_ERROR;
				CLANG_WARN_EMPTY_BODY = YES;
				CLANG_WARN_ENUM_CONVERSION = YES;
				CLANG_WARN_INT_CONVERSION = YES;
				CLANG_WARN_OBJC_ROOT_CLASS = YES_ERROR;
				CLANG_WARN_UNREACHABLE_CODE = YES;
				CLANG_WARN__DUPLICATE_METHOD_MATCH = YES;
				"CODE_SIGN_IDENTITY[sdk=iphoneos*]" = "iPhone Developer";
				COPY_PHASE_STRIP = NO;
				DEBUG_INFORMATION_FORMAT = "dwarf-with-dsym";
				ENABLE_NS_ASSERTIONS = NO;
				ENABLE_STRICT_OBJC_MSGSEND = YES;
				GCC_C_LANGUAGE_STANDARD = gnu99;
				GCC_NO_COMMON_BLOCKS = YES;
				GCC_WARN_64_TO_32_BIT_CONVERSION = YES;
				GCC_WARN_ABOUT_RETURN_TYPE = YES_ERROR;
				GCC_WARN_UNDECLARED_SELECTOR = YES;
				GCC_WARN_UNINITIALIZED_AUTOS = YES_AGGRESSIVE;
				GCC_WARN_UNUSED_FUNCTION = YES;
				GCC_WARN_UNUSED_VARIABLE = YES;
				IPHONEOS_DEPLOYMENT_TARGET = 8.4;
				MTL_ENABLE_DEBUG_INFO = NO;
				SDKROOT = iphoneos;
				VALIDATE_PRODUCT = YES;
			};
			name = Release;
		};
		44B28B151B6595730003BCD9 /* Debug */ = {
			isa = XCBuildConfiguration;
			buildSettings = {
				ASSETCATALOG_COMPILER_APPICON_NAME = AppIcon;
				INFOPLIST_FILE = pageTest/Info.plist;
				LD_RUNPATH_SEARCH_PATHS = "$(inherited) @executable_path/Frameworks";
				PRODUCT_NAME = "$(TARGET_NAME)";
			};
			name = Debug;
		};
		44B28B161B6595730003BCD9 /* Release */ = {
			isa = XCBuildConfiguration;
			buildSettings = {
				ASSETCATALOG_COMPILER_APPICON_NAME = AppIcon;
				INFOPLIST_FILE = pageTest/Info.plist;
				LD_RUNPATH_SEARCH_PATHS = "$(inherited) @executable_path/Frameworks";
				PRODUCT_NAME = "$(TARGET_NAME)";
			};
			name = Release;
		};
		44B28B181B6595730003BCD9 /* Debug */ = {
			isa = XCBuildConfiguration;
			buildSettings = {
				BUNDLE_LOADER = "$(TEST_HOST)";
				FRAMEWORK_SEARCH_PATHS = (
					"$(SDKROOT)/Developer/Library/Frameworks",
					"$(inherited)",
				);
				GCC_PREPROCESSOR_DEFINITIONS = (
					"DEBUG=1",
					"$(inherited)",
				);
				INFOPLIST_FILE = pageTestTests/Info.plist;
				LD_RUNPATH_SEARCH_PATHS = "$(inherited) @executable_path/Frameworks @loader_path/Frameworks";
				PRODUCT_NAME = "$(TARGET_NAME)";
				TEST_HOST = "$(BUILT_PRODUCTS_DIR)/pageTest.app/pageTest";
			};
			name = Debug;
		};
		44B28B191B6595730003BCD9 /* Release */ = {
			isa = XCBuildConfiguration;
			buildSettings = {
				BUNDLE_LOADER = "$(TEST_HOST)";
				FRAMEWORK_SEARCH_PATHS = (
					"$(SDKROOT)/Developer/Library/Frameworks",
					"$(inherited)",
				);
				INFOPLIST_FILE = pageTestTests/Info.plist;
				LD_RUNPATH_SEARCH_PATHS = "$(inherited) @executable_path/Frameworks @loader_path/Frameworks";
				PRODUCT_NAME = "$(TARGET_NAME)";
				TEST_HOST = "$(BUILT_PRODUCTS_DIR)/pageTest.app/pageTest";
			};
			name = Release;
		};
/* End XCBuildConfiguration section */

/* Begin XCConfigurationList section */
		44B28AEC1B6595730003BCD9 /* Build configuration list for PBXProject "pageTest" */ = {
			isa = XCConfigurationList;
			buildConfigurations = (
				44B28B121B6595730003BCD9 /* Debug */,
				44B28B131B6595730003BCD9 /* Release */,
			);
			defaultConfigurationIsVisible = 0;
			defaultConfigurationName = Release;
		};
		44B28B141B6595730003BCD9 /* Build configuration list for PBXNativeTarget "pageTest" */ = {
			isa = XCConfigurationList;
			buildConfigurations = (
				44B28B151B6595730003BCD9 /* Debug */,
				44B28B161B6595730003BCD9 /* Release */,
			);
			defaultConfigurationIsVisible = 0;
		};
		44B28B171B6595730003BCD9 /* Build configuration list for PBXNativeTarget "pageTestTests" */ = {
			isa = XCConfigurationList;
			buildConfigurations = (
				44B28B181B6595730003BCD9 /* Debug */,
				44B28B191B6595730003BCD9 /* Release */,
			);
			defaultConfigurationIsVisible = 0;
		};
/* End XCConfigurationList section */
	};
	rootObject = 44B28AE91B6595730003BCD9 /* Project object */;
}
